
Microsoft Visual Studio Solution File, Format Version 12.00
# Visual Studio Version 17
VisualStudioVersion = 17.7.34031.279
MinimumVisualStudioVersion = 10.0.40219.1
Project("{FAE04EC0-301F-11D3-BF4B-00C04F79EFBC}") = "ConsoleApp8", "ConsoleApp8\ConsoleApp8.csproj", "{8C79C6BB-2248-4784-9AE0-DF3E1F3B4C64}"
EndProject
Global
	GlobalSection(SolutionConfigurationPlatforms) = preSolution
		Debug|Any CPU = Debug|Any CPU
		Release|Any CPU = Release|Any CPU
	EndGlobalSection
	GlobalSection(ProjectConfigurationPlatforms) = postSolution
		{8C79C6BB-2248-4784-9AE0-DF3E1F3B4C64}.Debug|Any CPU.ActiveCfg = Debug|Any CPU
		{8C79C6BB-2248-4784-9AE0-DF3E1F3B4C64}.Debug|Any CPU.Build.0 = Debug|Any CPU
		{8C79C6BB-2248-4784-9AE0-DF3E1F3B4C64}.Release|Any CPU.ActiveCfg = Release|Any CPU
		{8C79C6BB-2248-4784-9AE0-DF3E1F3B4C64}.Release|Any CPU.Build.0 = Release|Any CPU
	EndGlobalSection
	GlobalSection(SolutionProperties) = preSolution
		HideSolutionNode = FALSE
	EndGlobalSection
	GlobalSection(ExtensibilityGlobals) = postSolution
		SolutionGuid = {4F5DFC77-9930-4507-BE25-D71FEBF7B6A3}
	EndGlobalSection
EndGlobal
